
Microsoft Visual Studio Solution File, Format Version 12.00
Project("{FAE04EC0-301F-11D3-BF4B-00C04F79EFBC}") = "Jodit-Bot-", "Jodit-Bot-\Jodit-Bot-.csproj", "{DA0C1B72-8CFB-45E5-87B8-4359D36F4818}"
EndProject
Global
	GlobalSection(SolutionConfigurationPlatforms) = preSolution
		Debug|Any CPU = Debug|Any CPU
		Release|Any CPU = Release|Any CPU
	EndGlobalSection
	GlobalSection(ProjectConfigurationPlatforms) = postSolution
		{DA0C1B72-8CFB-45E5-87B8-4359D36F4818}.Debug|Any CPU.ActiveCfg = Debug|Any CPU
		{DA0C1B72-8CFB-45E5-87B8-4359D36F4818}.Debug|Any CPU.Build.0 = Debug|Any CPU
		{DA0C1B72-8CFB-45E5-87B8-4359D36F4818}.Release|Any CPU.ActiveCfg = Release|Any CPU
		{DA0C1B72-8CFB-45E5-87B8-4359D36F4818}.Release|Any CPU.Build.0 = Release|Any CPU
	EndGlobalSection
EndGlobal
